Microsoft Visual Studio Solution File, Format Version 12.00
# Visual Studio 2012
Project("{FAE04EC0-301F-11D3-BF4B-00C04F79EFBC}") = "AwakedR", "AwakedR.csproj", "{7DB7957B-E0F5-470E-B8CC-26A3CD1495CA}"
EndProject
Global
	GlobalSection(SolutionConfigurationPlatforms) = preSolution
	Debug|Any CPU = Debug|Any CPU
	Release|Any CPU = Release|Any CPU
	Tools|Any CPU = Tools|Any CPU
	EndGlobalSection
	GlobalSection(ProjectConfigurationPlatforms) = postSolution
		{7DB7957B-E0F5-470E-B8CC-26A3CD1495CA}.Debug|Any CPU.ActiveCfg = Debug|Any CPU
		{7DB7957B-E0F5-470E-B8CC-26A3CD1495CA}.Debug|Any CPU.Build.0 = Debug|Any CPU
		{7DB7957B-E0F5-470E-B8CC-26A3CD1495CA}.Release|Any CPU.ActiveCfg = Release|Any CPU
		{7DB7957B-E0F5-470E-B8CC-26A3CD1495CA}.Release|Any CPU.Build.0 = Release|Any CPU
		{7DB7957B-E0F5-470E-B8CC-26A3CD1495CA}.Tools|Any CPU.ActiveCfg = Tools|Any CPU
		{7DB7957B-E0F5-470E-B8CC-26A3CD1495CA}.Tools|Any CPU.Build.0 = Tools|Any CPU
	EndGlobalSection
EndGlobal
